// !$*UTF8*$!
{
	archiveVersion = 1;
	classes = {
	};
	objectVersion = 50;
	objects = {

/* Begin PBXBuildFile section */
		33BAB410251E2BCC005E1A00 /* AppDelegate.swift in Sources */ = {isa = PBXBuildFile; fileRef = 33BAB40F251E2BCC005E1A00 /* AppDelegate.swift */; };
		33BAB412251E2BCC005E1A00 /* SceneDelegate.swift in Sources */ = {isa = PBXBuildFile; fileRef = 33BAB411251E2BCC005E1A00 /* SceneDelegate.swift */; };
		33BAB414251E2BCC005E1A00 /* ViewController.swift in Sources */ = {isa = PBXBuildFile; fileRef = 33BAB413251E2BCC005E1A00 /* ViewController.swift */; };
		33BAB417251E2BCC005E1A00 /* Main.storyboard in Resources */ = {isa = PBXBuildFile; fileRef = 33BAB415251E2BCC005E1A00 /* Main.storyboard */; };
		33BAB419251E2BD3005E1A00 /* Assets.xcassets in Resources */ = {isa = PBXBuildFile; fileRef = 33BAB418251E2BD3005E1A00 /* Assets.xcassets */; };
		33BAB41C251E2BD3005E1A00 /* LaunchScreen.storyboard in Resources */ = {isa = PBXBuildFile; fileRef = 33BAB41A251E2BD3005E1A00 /* LaunchScreen.storyboard */; };
		33BAB427251E2BD3005E1A00 /* CalculadoraTests.swift in Sources */ = {isa = PBXBuildFile; fileRef = 33BAB426251E2BD3005E1A00 /* CalculadoraTests.swift */; };
		33BAB432251E2BD3005E1A00 /* CalculadoraUITests.swift in Sources */ = {isa = PBXBuildFile; fileRef = 33BAB431251E2BD3005E1A00 /* CalculadoraUITests.swift */; };
/* End PBXBuildFile section */

/* Begin PBXContainerItemProxy section */
		33BAB423251E2BD3005E1A00 /* PBXContainerItemProxy */ = {
			isa = PBXContainerItemProxy;
			containerPortal = 33BAB404251E2BCC005E1A00 /* Project object */;
			proxyType = 1;
			remoteGlobalIDString = 33BAB40B251E2BCC005E1A00;
			remoteInfo = Calculadora;
		};
		33BAB42E251E2BD3005E1A00 /* PBXContainerItemProxy */ = {
			isa = PBXContainerItemProxy;
			containerPortal = 33BAB404251E2BCC005E1A00 /* Project object */;
			proxyType = 1;
			remoteGlobalIDString = 33BAB40B251E2BCC005E1A00;
			remoteInfo = Calculadora;
		};
/* End PBXContainerItemProxy section */

/* Begin PBXFileReference section */
		33BAB40C251E2BCC005E1A00 /* Calculadora.app */ = {isa = PBXFileReference; explicitFileType = wrapper.application; includeInIndex = 0; path = Calculadora.app; sourceTree = BUILT_PRODUCTS_DIR; };
		33BAB40F251E2BCC005E1A00 /* AppDelegate.swift */ = {isa = PBXFileReference; lastKnownFileType = sourcecode.swift; path = AppDelegate.swift; sourceTree = "<group>"; };
		33BAB411251E2BCC005E1A00 /* SceneDelegate.swift */ = {isa = PBXFileReference; lastKnownFileType = sourcecode.swift; path = SceneDelegate.swift; sourceTree = "<group>"; };
		33BAB413251E2BCC005E1A00 /* ViewController.swift */ = {isa = PBXFileReference; lastKnownFileType = sourcecode.swift; path = ViewController.swift; sourceTree = "<group>"; };
		33BAB416251E2BCC005E1A00 /* Base */ = {isa = PBXFileReference; lastKnownFileType = file.storyboard; name = Base; path = Base.lproj/Main.storyboard; sourceTree = "<group>"; };
		33BAB418251E2BD3005E1A00 /* Assets.xcassets */ = {isa = PBXFileReference; lastKnownFileType = folder.assetcatalog; path = Assets.xcassets; sourceTree = "<group>"; };
		33BAB41B251E2BD3005E1A00 /* Base */ = {isa = PBXFileReference; lastKnownFileType = file.storyboard; name = Base; path = Base.lproj/LaunchScreen.storyboard; sourceTree = "<group>"; };
		33BAB41D251E2BD3005E1A00 /* Info.plist */ = {isa = PBXFileReference; lastKnownFileType = text.plist.xml; path = Info.plist; sourceTree = "<group>"; };
		33BAB422251E2BD3005E1A00 /* CalculadoraTests.xctest */ = {isa = PBXFileReference; explicitFileType = wrapper.cfbundle; includeInIndex = 0; path = CalculadoraTests.xctest; sourceTree = BUILT_PRODUCTS_DIR; };
		33BAB426251E2BD3005E1A00 /* CalculadoraTests.swift */ = {isa = PBXFileReference; lastKnownFileType = sourcecode.swift; path = CalculadoraTests.swift; sourceTree = "<group>"; };
		33BAB428251E2BD3005E1A00 /* Info.plist */ = {isa = PBXFileReference; lastKnownFileType = text.plist.xml; path = Info.plist; sourceTree = "<group>"; };
		33BAB42D251E2BD3005E1A00 /* CalculadoraUITests.xctest */ = {isa = PBXFileReference; explicitFileType = wrapper.cfbundle; includeInIndex = 0; path = CalculadoraUITests.xctest; sourceTree = BUILT_PRODUCTS_DIR; };
		33BAB431251E2BD3005E1A00 /* CalculadoraUITests.swift */ = {isa = PBXFileReference; lastKnownFileType = sourcecode.swift; path = CalculadoraUITests.swift; sourceTree = "<group>"; };
		33BAB433251E2BD3005E1A00 /* Info.plist */ = {isa = PBXFileReference; lastKnownFileType = text.plist.xml; path = Info.plist; sourceTree = "<group>"; };
/* End PBXFileReference section */

/* Begin PBXFrameworksBuildPhase section */
		33BAB409251E2BCC005E1A00 /* Frameworks */ = {
			isa = PBXFrameworksBuildPhase;
			buildActionMask = 2147483647;
			files = (
			);
			runOnlyForDeploymentPostprocessing = 0;
		};
		33BAB41F251E2BD3005E1A00 /* Frameworks */ = {
			isa = PBXFrameworksBuildPhase;
			buildActionMask = 2147483647;
			files = (
			);
			runOnlyForDeploymentPostprocessing = 0;
		};
		33BAB42A251E2BD3005E1A00 /* Frameworks */ = {
			isa = PBXFrameworksBuildPhase;
			buildActionMask = 2147483647;
			files = (
			);
			runOnlyForDeploymentPostprocessing = 0;
		};
/* End PBXFrameworksBuildPhase section */

/* Begin PBXGroup section */
		33BAB403251E2BCC005E1A00 = {
			isa = PBXGroup;
			children = (
				33BAB40E251E2BCC005E1A00 /* Calculadora */,
				33BAB425251E2BD3005E1A00 /* CalculadoraTests */,
				33BAB430251E2BD3005E1A00 /* CalculadoraUITests */,
				33BAB40D251E2BCC005E1A00 /* Products */,
			);
			sourceTree = "<group>";
		};
		33BAB40D251E2BCC005E1A00 /* Products */ = {
			isa = PBXGroup;
			children = (
				33BAB40C251E2BCC005E1A00 /* Calculadora.app */,
				33BAB422251E2BD3005E1A00 /* CalculadoraTests.xctest */,
				33BAB42D251E2BD3005E1A00 /* CalculadoraUITests.xctest */,
			);
			name = Products;
			sourceTree = "<group>";
		};
		33BAB40E251E2BCC005E1A00 /* Calculadora */ = {
			isa = PBXGroup;
			children = (
				33BAB40F251E2BCC005E1A00 /* AppDelegate.swift */,
				33BAB411251E2BCC005E1A00 /* SceneDelegate.swift */,
				33BAB413251E2BCC005E1A00 /* ViewController.swift */,
				33BAB415251E2BCC005E1A00 /* Main.storyboard */,
				33BAB418251E2BD3005E1A00 /* Assets.xcassets */,
				33BAB41A251E2BD3005E1A00 /* LaunchScreen.storyboard */,
				33BAB41D251E2BD3005E1A00 /* Info.plist */,
			);
			path = Calculadora;
			sourceTree = "<group>";
		};
		33BAB425251E2BD3005E1A00 /* CalculadoraTests */ = {
			isa = PBXGroup;
			children = (
				33BAB426251E2BD3005E1A00 /* CalculadoraTests.swift */,
				33BAB428251E2BD3005E1A00 /* Info.plist */,
			);
			path = CalculadoraTests;
			sourceTree = "<group>";
		};
		33BAB430251E2BD3005E1A00 /* CalculadoraUITests */ = {
			isa = PBXGroup;
			children = (
				33BAB431251E2BD3005E1A00 /* CalculadoraUITests.swift */,
				33BAB433251E2BD3005E1A00 /* Info.plist */,
			);
			path = CalculadoraUITests;
			sourceTree = "<group>";
		};
/* End PBXGroup section */

/* Begin PBXNativeTarget section */
		33BAB40B251E2BCC005E1A00 /* Calculadora */ = {
			isa = PBXNativeTarget;
			buildConfigurationList = 33BAB436251E2BD3005E1A00 /* Build configuration list for PBXNativeTarget "Calculadora" */;
			buildPhases = (
				33BAB408251E2BCC005E1A00 /* Sources */,
				33BAB409251E2BCC005E1A00 /* Frameworks */,
				33BAB40A251E2BCC005E1A00 /* Resources */,
			);
			buildRules = (
			);
			dependencies = (
			);
			name = Calculadora;
			productName = Calculadora;
			productReference = 33BAB40C251E2BCC005E1A00 /* Calculadora.app */;
			productType = "com.apple.product-type.application";
		};
		33BAB421251E2BD3005E1A00 /* CalculadoraTests */ = {
			isa = PBXNativeTarget;
			buildConfigurationList = 33BAB439251E2BD3005E1A00 /* Build configuration list for PBXNativeTarget "CalculadoraTests" */;
			buildPhases = (
				33BAB41E251E2BD3005E1A00 /* Sources */,
				33BAB41F251E2BD3005E1A00 /* Frameworks */,
				33BAB420251E2BD3005E1A00 /* Resources */,
			);
			buildRules = (
			);
			dependencies = (
				33BAB424251E2BD3005E1A00 /* PBXTargetDependency */,
			);
			name = CalculadoraTests;
			productName = CalculadoraTests;
			productReference = 33BAB422251E2BD3005E1A00 /* CalculadoraTests.xctest */;
			productType = "com.apple.product-type.bundle.unit-test";
		};
		33BAB42C251E2BD3005E1A00 /* CalculadoraUITests */ = {
			isa = PBXNativeTarget;
			buildConfigurationList = 33BAB43C251E2BD3005E1A00 /* Build configuration list for PBXNativeTarget "CalculadoraUITests" */;
			buildPhases = (
				33BAB429251E2BD3005E1A00 /* Sources */,
				33BAB42A251E2BD3005E1A00 /* Frameworks */,
				33BAB42B251E2BD3005E1A00 /* Resources */,
			);
			buildRules = (
			);
			dependencies = (
				33BAB42F251E2BD3005E1A00 /* PBXTargetDependency */,
			);
			name = CalculadoraUITests;
			productName = CalculadoraUITests;
			productReference = 33BAB42D251E2BD3005E1A00 /* CalculadoraUITests.xctest */;
			productType = "com.apple.product-type.bundle.ui-testing";
		};
/* End PBXNativeTarget section */

/* Begin PBXProject section */
		33BAB404251E2BCC005E1A00 /* Project object */ = {
			isa = PBXProject;
			attributes = {
				LastSwiftUpdateCheck = 1170;
				LastUpgradeCheck = 1170;
				ORGANIZATIONNAME = Apps2t;
				TargetAttributes = {
					33BAB40B251E2BCC005E1A00 = {
						CreatedOnToolsVersion = 11.7;
					};
					33BAB421251E2BD3005E1A00 = {
						CreatedOnToolsVersion = 11.7;
						TestTargetID = 33BAB40B251E2BCC005E1A00;
					};
					33BAB42C251E2BD3005E1A00 = {
						CreatedOnToolsVersion = 11.7;
						TestTargetID = 33BAB40B251E2BCC005E1A00;
					};
				};
			};
			buildConfigurationList = 33BAB407251E2BCC005E1A00 /* Build configuration list for PBXProject "Calculadora" */;
			compatibilityVersion = "Xcode 9.3";
			developmentRegion = en;
			hasScannedForEncodings = 0;
			knownRegions = (
				en,
				Base,
			);
			mainGroup = 33BAB403251E2BCC005E1A00;
			productRefGroup = 33BAB40D251E2BCC005E1A00 /* Products */;
			projectDirPath = "";
			projectRoot = "";
			targets = (
				33BAB40B251E2BCC005E1A00 /* Calculadora */,
				33BAB421251E2BD3005E1A00 /* CalculadoraTests */,
				33BAB42C251E2BD3005E1A00 /* CalculadoraUITests */,
			);
		};
/* End PBXProject section */

/* Begin PBXResourcesBuildPhase section */
		33BAB40A251E2BCC005E1A00 /* Resources */ = {
			isa = PBXResourcesBuildPhase;
			buildActionMask = 2147483647;
			files = (
				33BAB41C251E2BD3005E1A00 /* LaunchScreen.storyboard in Resources */,
				33BAB419251E2BD3005E1A00 /* Assets.xcassets in Resources */,
				33BAB417251E2BCC005E1A00 /* Main.storyboard in Resources */,
			);
			runOnlyForDeploymentPostprocessing = 0;
		};
		33BAB420251E2BD3005E1A00 /* Resources */ = {
			isa = PBXResourcesBuildPhase;
			buildActionMask = 2147483647;
			files = (
			);
			runOnlyForDeploymentPostprocessing = 0;
		};
		33BAB42B251E2BD3005E1A00 /* Resources */ = {
			isa = PBXResourcesBuildPhase;
			buildActionMask = 2147483647;
			files = (
			);
			runOnlyForDeploymentPostprocessing = 0;
		};
/* End PBXResourcesBuildPhase section */

/* Begin PBXSourcesBuildPhase section */
		33BAB408251E2BCC005E1A00 /* Sources */ = {
			isa = PBXSourcesBuildPhase;
			buildActionMask = 2147483647;
			files = (
				33BAB414251E2BCC005E1A00 /* ViewController.swift in Sources */,
				33BAB410251E2BCC005E1A00 /* AppDelegate.swift in Sources */,
				33BAB412251E2BCC005E1A00 /* SceneDelegate.swift in Sources */,
			);
			runOnlyForDeploymentPostprocessing = 0;
		};
		33BAB41E251E2BD3005E1A00 /* Sources */ = {
			isa = PBXSourcesBuildPhase;
			buildActionMask = 2147483647;
			files = (
				33BAB427251E2BD3005E1A00 /* CalculadoraTests.swift in Sources */,
			);
			runOnlyForDeploymentPostprocessing = 0;
		};
		33BAB429251E2BD3005E1A00 /* Sources */ = {
			isa = PBXSourcesBuildPhase;
			buildActionMask = 2147483647;
			files = (
				33BAB432251E2BD3005E1A00 /* CalculadoraUITests.swift in Sources */,
			);
			runOnlyForDeploymentPostprocessing = 0;
		};
/* End PBXSourcesBuildPhase section */

/* Begin PBXTargetDependency section */
		33BAB424251E2BD3005E1A00 /* PBXTargetDependency */ = {
			isa = PBXTargetDependency;
			target = 33BAB40B251E2BCC005E1A00 /* Calculadora */;
			targetProxy = 33BAB423251E2BD3005E1A00 /* PBXContainerItemProxy */;
		};
		33BAB42F251E2BD3005E1A00 /* PBXTargetDependency */ = {
			isa = PBXTargetDependency;
			target = 33BAB40B251E2BCC005E1A00 /* Calculadora */;
			targetProxy = 33BAB42E251E2BD3005E1A00 /* PBXContainerItemProxy */;
		};
/* End PBXTargetDependency section */

/* Begin PBXVariantGroup section */
		33BAB415251E2BCC005E1A00 /* Main.storyboard */ = {
			isa = PBXVariantGroup;
			children = (
				33BAB416251E2BCC005E1A00 /* Base */,
			);
			name = Main.storyboard;
			sourceTree = "<group>";
		};
		33BAB41A251E2BD3005E1A00 /* LaunchScreen.storyboard */ = {
			isa = PBXVariantGroup;
			children = (
				33BAB41B251E2BD3005E1A00 /* Base */,
			);
			name = LaunchScreen.storyboard;
			sourceTree = "<group>";
		};
/* End PBXVariantGroup section */

/* Begin XCBuildConfiguration section */
		33BAB434251E2BD3005E1A00 /* Debug */ = {
			isa = XCBuildConfiguration;
			buildSettings = {
				ALWAYS_SEARCH_USER_PATHS = NO;
				CLANG_ANALYZER_NONNULL = YES;
				CLANG_ANALYZER_NUMBER_OBJECT_CONVERSION = YES_AGGRESSIVE;
				CLANG_CXX_LANGUAGE_STANDARD = "gnu++14";
				CLANG_CXX_LIBRARY = "libc++";
				CLANG_ENABLE_MODULES = YES;
				CLANG_ENABLE_OBJC_ARC = YES;
				CLANG_ENABLE_OBJC_WEAK = YES;
				CLANG_WARN_BLOCK_CAPTURE_AUTORELEASING = YES;
				CLANG_WARN_BOOL_CONVERSION = YES;
				CLANG_WARN_COMMA = YES;
				CLANG_WARN_CONSTANT_CONVERSION = YES;
				CLANG_WARN_DEPRECATED_OBJC_IMPLEMENTATIONS = YES;
				CLANG_WARN_DIRECT_OBJC_ISA_USAGE = YES_ERROR;
				CLANG_WARN_DOCUMENTATION_COMMENTS = YES;
				CLANG_WARN_EMPTY_BODY = YES;
				CLANG_WARN_ENUM_CONVERSION = YES;
				CLANG_WARN_INFINITE_RECURSION = YES;
				CLANG_WARN_INT_CONVERSION = YES;
				CLANG_WARN_NON_LITERAL_NULL_CONVERSION = YES;
				CLANG_WARN_OBJC_IMPLICIT_RETAIN_SELF = YES;
				CLANG_WARN_OBJC_LITERAL_CONVERSION = YES;
				CLANG_WARN_OBJC_ROOT_CLASS = YES_ERROR;
				CLANG_WARN_RANGE_LOOP_ANALYSIS = YES;
				CLANG_WARN_STRICT_PROTOTYPES = YES;
				CLANG_WARN_SUSPICIOUS_MOVE = YES;
				CLANG_WARN_UNGUARDED_AVAILABILITY = YES_AGGRESSIVE;
				CLANG_WARN_UNREACHABLE_CODE = YES;
				CLANG_WARN__DUPLICATE_METHOD_MATCH = YES;
				COPY_PHASE_STRIP = NO;
				DEBUG_INFORMATION_FORMAT = dwarf;
				ENABLE_STRICT_OBJC_MSGSEND = YES;
				ENABLE_TESTABILITY = YES;
				GCC_C_LANGUAGE_STANDARD = gnu11;
				GCC_DYNAMIC_NO_PIC = NO;
				GCC_NO_COMMON_BLOCKS = YES;
				GCC_OPTIMIZATION_LEVEL = 0;
				GCC_PREPROCESSOR_DEFINITIONS = (
					"DEBUG=1",
					"$(inherited)",
				);
				GCC_WARN_64_TO_32_BIT_CONVERSION = YES;
				GCC_WARN_ABOUT_RETURN_TYPE = YES_ERROR;
				GCC_WARN_UNDECLARED_SELECTOR = YES;
				GCC_WARN_UNINITIALIZED_AUTOS = YES_AGGRESSIVE;
				GCC_WARN_UNUSED_FUNCTION = YES;
				GCC_WARN_UNUSED_VARIABLE = YES;
				IPHONEOS_DEPLOYMENT_TARGET = 13.7;
				MTL_ENABLE_DEBUG_INFO = INCLUDE_SOURCE;
				MTL_FAST_MATH = YES;
				ONLY_ACTIVE_ARCH = YES;
				SDKROOT = iphoneos;
				SWIFT_ACTIVE_COMPILATION_CONDITIONS = DEBUG;
				SWIFT_OPTIMIZATION_LEVEL = "-Onone";
			};
			name = Debug;
		};
		33BAB435251E2BD3005E1A00 /* Release */ = {
			isa = XCBuildConfiguration;
			buildSettings = {
				ALWAYS_SEARCH_USER_PATHS = NO;
				CLANG_ANALYZER_NONNULL = YES;
				CLANG_ANALYZER_NUMBER_OBJECT_CONVERSION = YES_AGGRESSIVE;
				CLANG_CXX_LANGUAGE_STANDARD = "gnu++14";
				CLANG_CXX_LIBRARY = "libc++";
				CLANG_ENABLE_MODULES = YES;
				CLANG_ENABLE_OBJC_ARC = YES;
				CLANG_ENABLE_OBJC_WEAK = YES;
				CLANG_WARN_BLOCK_CAPTURE_AUTORELEASING = YES;
				CLANG_WARN_BOOL_CONVERSION = YES;
				CLANG_WARN_COMMA = YES;
				CLANG_WARN_CONSTANT_CONVERSION = YES;
				CLANG_WARN_DEPRECATED_OBJC_IMPLEMENTATIONS = YES;
				CLANG_WARN_DIRECT_OBJC_ISA_USAGE = YES_ERROR;
				CLANG_WARN_DOCUMENTATION_COMMENTS = YES;
				CLANG_WARN_EMPTY_BODY = YES;
				CLANG_WARN_ENUM_CONVERSION = YES;
				CLANG_WARN_INFINITE_RECURSION = YES;
				CLANG_WARN_INT_CONVERSION = YES;
				CLANG_WARN_NON_LITERAL_NULL_CONVERSION = YES;
				CLANG_WARN_OBJC_IMPLICIT_RETAIN_SELF = YES;
				CLANG_WARN_OBJC_LITERAL_CONVERSION = YES;
				CLANG_WARN_OBJC_ROOT_CLASS = YES_ERROR;
				CLANG_WARN_RANGE_LOOP_ANALYSIS = YES;
				CLANG_WARN_STRICT_PROTOTYPES = YES;
				CLANG_WARN_SUSPICIOUS_MOVE = YES;
				CLANG_WARN_UNGUARDED_AVAILABILITY = YES_AGGRESSIVE;
				CLANG_WARN_UNREACHABLE_CODE = YES;
				CLANG_WARN__DUPLICATE_METHOD_MATCH = YES;
				COPY_PHASE_STRIP = NO;
				DEBUG_INFORMATION_FORMAT = "dwarf-with-dsym";
				ENABLE_NS_ASSERTIONS = NO;
				ENABLE_STRICT_OBJC_MSGSEND = YES;
				GCC_C_LANGUAGE_STANDARD = gnu11;
				GCC_NO_COMMON_BLOCKS = YES;
				GCC_WARN_64_TO_32_BIT_CONVERSION = YES;
				GCC_WARN_ABOUT_RETURN_TYPE = YES_ERROR;
				GCC_WARN_UNDECLARED_SELECTOR = YES;
				GCC_WARN_UNINITIALIZED_AUTOS = YES_AGGRESSIVE;
				GCC_WARN_UNUSED_FUNCTION = YES;
				GCC_WARN_UNUSED_VARIABLE = YES;
				IPHONEOS_DEPLOYMENT_TARGET = 13.7;
				MTL_ENABLE_DEBUG_INFO = NO;
				MTL_FAST_MATH = YES;
				SDKROOT = iphoneos;
				SWIFT_COMPILATION_MODE = wholemodule;
				SWIFT_OPTIMIZATION_LEVEL = "-O";
				VALIDATE_PRODUCT = YES;
			};
			name = Release;
		};
		33BAB437251E2BD3005E1A00 /* Debug */ = {
			isa = XCBuildConfiguration;
			buildSettings = {
				ASSETCATALOG_COMPILER_APPICON_NAME = AppIcon;
				CODE_SIGN_STYLE = Automatic;
				INFOPLIST_FILE = Calculadora/Info.plist;
				LD_RUNPATH_SEARCH_PATHS = (
					"$(inherited)",
					"@executable_path/Frameworks",
				);
				PRODUCT_BUNDLE_IDENTIFIER = com.gael.Calculadora;
				PRODUCT_NAME = "$(TARGET_NAME)";
				SWIFT_VERSION = 5.0;
				TARGETED_DEVICE_FAMILY = "1,2";
			};
			name = Debug;
		};
		33BAB438251E2BD3005E1A00 /* Release */ = {
			isa = XCBuildConfiguration;
			buildSettings = {
				ASSETCATALOG_COMPILER_APPICON_NAME = AppIcon;
				CODE_SIGN_STYLE = Automatic;
				INFOPLIST_FILE = Calculadora/Info.plist;
				LD_RUNPATH_SEARCH_PATHS = (
					"$(inherited)",
					"@executable_path/Frameworks",
				);
				PRODUCT_BUNDLE_IDENTIFIER = com.gael.Calculadora;
				PRODUCT_NAME = "$(TARGET_NAME)";
				SWIFT_VERSION = 5.0;
				TARGETED_DEVICE_FAMILY = "1,2";
			};
			name = Release;
		};
		33BAB43A251E2BD3005E1A00 /* Debug */ = {
			isa = XCBuildConfiguration;
			buildSettings = {
				ALWAYS_EMBED_SWIFT_STANDARD_LIBRARIES = YES;
				BUNDLE_LOADER = "$(TEST_HOST)";
				CODE_SIGN_STYLE = Automatic;
				INFOPLIST_FILE = CalculadoraTests/Info.plist;
				IPHONEOS_DEPLOYMENT_TARGET = 13.7;
				LD_RUNPATH_SEARCH_PATHS = (
					"$(inherited)",
					"@executable_path/Frameworks",
					"@loader_path/Frameworks",
				);
				PRODUCT_BUNDLE_IDENTIFIER = com.gael.CalculadoraTests;
				PRODUCT_NAME = "$(TARGET_NAME)";
				SWIFT_VERSION = 5.0;
				TARGETED_DEVICE_FAMILY = "1,2";
				TEST_HOST = "$(BUILT_PRODUCTS_DIR)/Calculadora.app/Calculadora";
			};
			name = Debug;
		};
		33BAB43B251E2BD3005E1A00 /* Release */ = {
			isa = XCBuildConfiguration;
			buildSettings = {
				ALWAYS_EMBED_SWIFT_STANDARD_LIBRARIES = YES;
				BUNDLE_LOADER = "$(TEST_HOST)";
				CODE_SIGN_STYLE = Automatic;
				INFOPLIST_FILE = CalculadoraTests/Info.plist;
				IPHONEOS_DEPLOYMENT_TARGET = 13.7;
				LD_RUNPATH_SEARCH_PATHS = (
					"$(inherited)",
					"@executable_path/Frameworks",
					"@loader_path/Frameworks",
				);
				PRODUCT_BUNDLE_IDENTIFIER = com.gael.CalculadoraTests;
				PRODUCT_NAME = "$(TARGET_NAME)";
				SWIFT_VERSION = 5.0;
				TARGETED_DEVICE_FAMILY = "1,2";
				TEST_HOST = "$(BUILT_PRODUCTS_DIR)/Calculadora.app/Calculadora";
			};
			name = Release;
		};
		33BAB43D251E2BD3005E1A00 /* Debug */ = {
			isa = XCBuildConfiguration;
			buildSettings = {
				ALWAYS_EMBED_SWIFT_STANDARD_LIBRARIES = YES;
				CODE_SIGN_STYLE = Automatic;
				INFOPLIST_FILE = CalculadoraUITests/Info.plist;
				LD_RUNPATH_SEARCH_PATHS = (
					"$(inherited)",
					"@executable_path/Frameworks",
					"@loader_path/Frameworks",
				);
				PRODUCT_BUNDLE_IDENTIFIER = com.gael.CalculadoraUITests;
				PRODUCT_NAME = "$(TARGET_NAME)";
				SWIFT_VERSION = 5.0;
				TARGETED_DEVICE_FAMILY = "1,2";
				TEST_TARGET_NAME = Calculadora;
			};
			name = Debug;
		};
		33BAB43E251E2BD3005E1A00 /* Release */ = {
			isa = XCBuildConfiguration;
			buildSettings = {
				ALWAYS_EMBED_SWIFT_STANDARD_LIBRARIES = YES;
				CODE_SIGN_STYLE = Automatic;
				INFOPLIST_FILE = CalculadoraUITests/Info.plist;
				LD_RUNPATH_SEARCH_PATHS = (
					"$(inherited)",
					"@executable_path/Frameworks",
					"@loader_path/Frameworks",
				);
				PRODUCT_BUNDLE_IDENTIFIER = com.gael.CalculadoraUITests;
				PRODUCT_NAME = "$(TARGET_NAME)";
				SWIFT_VERSION = 5.0;
				TARGETED_DEVICE_FAMILY = "1,2";
				TEST_TARGET_NAME = Calculadora;
			};
			name = Release;
		};
/* End XCBuildConfiguration section */

/* Begin XCConfigurationList section */
		33BAB407251E2BCC005E1A00 /* Build configuration list for PBXProject "Calculadora" */ = {
			isa = XCConfigurationList;
			buildConfigurations = (
				33BAB434251E2BD3005E1A00 /* Debug */,
				33BAB435251E2BD3005E1A00 /* Release */,
			);
			defaultConfigurationIsVisible = 0;
			defaultConfigurationName = Release;
		};
		33BAB436251E2BD3005E1A00 /* Build configuration list for PBXNativeTarget "Calculadora" */ = {
			isa = XCConfigurationList;
			buildConfigurations = (
				33BAB437251E2BD3005E1A00 /* Debug */,
				33BAB438251E2BD3005E1A00 /* Release */,
			);
			defaultConfigurationIsVisible = 0;
			defaultConfigurationName = Release;
		};
		33BAB439251E2BD3005E1A00 /* Build configuration list for PBXNativeTarget "CalculadoraTests" */ = {
			isa = XCConfigurationList;
			buildConfigurations = (
				33BAB43A251E2BD3005E1A00 /* Debug */,
				33BAB43B251E2BD3005E1A00 /* Release */,
			);
			defaultConfigurationIsVisible = 0;
			defaultConfigurationName = Release;
		};
		33BAB43C251E2BD3005E1A00 /* Build configuration list for PBXNativeTarget "CalculadoraUITests" */ = {
			isa = XCConfigurationList;
			buildConfigurations = (
				33BAB43D251E2BD3005E1A00 /* Debug */,
				33BAB43E251E2BD3005E1A00 /* Release */,
			);
			defaultConfigurationIsVisible = 0;
			defaultConfigurationName = Release;
		};
/* End XCConfigurationList section */
	};
	rootObject = 33BAB404251E2BCC005E1A00 /* Project object */;
}
